
Microsoft Visual Studio Solution File, Format Version 12.00
# Visual Studio Version 17
VisualStudioVersion = 17.3.32811.315
MinimumVisualStudioVersion = 10.0.40219.1
Project("{FAE04EC0-301F-11D3-BF4B-00C04F79EFBC}") = "Personas", "Personas\Personas.csproj", "{4487B246-845B-4F6E-9F49-15E38671EE03}"
EndProject
Global
	GlobalSection(SolutionConfigurationPlatforms) = preSolution
		Debug|Any CPU = Debug|Any CPU
		Release|Any CPU = Release|Any CPU
	EndGlobalSection
	GlobalSection(ProjectConfigurationPlatforms) = postSolution
		{4487B246-845B-4F6E-9F49-15E38671EE03}.Debug|Any CPU.ActiveCfg = Debug|Any CPU
		{4487B246-845B-4F6E-9F49-15E38671EE03}.Debug|Any CPU.Build.0 = Debug|Any CPU
		{4487B246-845B-4F6E-9F49-15E38671EE03}.Release|Any CPU.ActiveCfg = Release|Any CPU
		{4487B246-845B-4F6E-9F49-15E38671EE03}.Release|Any CPU.Build.0 = Release|Any CPU
	EndGlobalSection
	GlobalSection(SolutionProperties) = preSolution
		HideSolutionNode = FALSE
	EndGlobalSection
	GlobalSection(ExtensibilityGlobals) = postSolution
		SolutionGuid = {6D36840D-92E0-4C8D-9DF2-079AE4489309}
	EndGlobalSection
EndGlobal
